
Microsoft Visual Studio Solution File, Format Version 12.00
# Visual Studio 15
VisualStudioVersion = 15.0.27428.2043
MinimumVisualStudioVersion = 10.0.40219.1
Project("{2150E333-8FDC-42A3-9474-1A3956D46DE8}") = "Src", "Src", "{92DFA0FC-04ED-404F-BB24-248636C066F0}"
EndProject
Project("{2150E333-8FDC-42A3-9474-1A3956D46DE8}") = "Tests", "Tests", "{9B0540DC-7402-419E-BB87-E5A29B03BE1C}"
EndProject
Project("{9A19103F-16F7-4668-BE54-9A1E7A4F7556}") = "Clawrenceks.HttpCachingHandler", "Src\Clawrenceks.HttpCachingHandler\Clawrenceks.HttpCachingHandler.csproj", "{A67678B1-3FC2-43AD-AEAB-92B055C53237}"
EndProject
Project("{9A19103F-16F7-4668-BE54-9A1E7A4F7556}") = "Clawrenceks.HttpCachingHandler.UnitTests", "Tests\Clawrenceks.HttpCachingHandler.UnitTests\Clawrenceks.HttpCachingHandler.UnitTests.csproj", "{77A9E805-AC5F-424E-95CC-19047E374823}"
EndProject
Project("{9A19103F-16F7-4668-BE54-9A1E7A4F7556}") = "Clawrenceks.HttpCachingHandler.Abstractions", "Src\Clawrenceks.HttpCachingHandler.Abstractions\Clawrenceks.HttpCachingHandler.Abstractions.csproj", "{CC49499D-E100-4547-9501-E38820B1A9E7}"
EndProject
Project("{9A19103F-16F7-4668-BE54-9A1E7A4F7556}") = "Clawrenceks.HttpCachingHandler.IntegrationTests", "Tests\Clawrenceks.HttpCachingHandler.IntegrationTests\Clawrenceks.HttpCachingHandler.IntegrationTests.csproj", "{2B484398-D230-4C96-A050-385AE476BA64}"
EndProject
Global
	GlobalSection(SolutionConfigurationPlatforms) = preSolution
		Debug|Any CPU = Debug|Any CPU
		Release|Any CPU = Release|Any CPU
	EndGlobalSection
	GlobalSection(ProjectConfigurationPlatforms) = postSolution
		{A67678B1-3FC2-43AD-AEAB-92B055C53237}.Debug|Any CPU.ActiveCfg = Debug|Any CPU
		{A67678B1-3FC2-43AD-AEAB-92B055C53237}.Debug|Any CPU.Build.0 = Debug|Any CPU
		{A67678B1-3FC2-43AD-AEAB-92B055C53237}.Release|Any CPU.ActiveCfg = Release|Any CPU
		{A67678B1-3FC2-43AD-AEAB-92B055C53237}.Release|Any CPU.Build.0 = Release|Any CPU
		{77A9E805-AC5F-424E-95CC-19047E374823}.Debug|Any CPU.ActiveCfg = Debug|Any CPU
		{77A9E805-AC5F-424E-95CC-19047E374823}.Debug|Any CPU.Build.0 = Debug|Any CPU
		{77A9E805-AC5F-424E-95CC-19047E374823}.Release|Any CPU.ActiveCfg = Release|Any CPU
		{77A9E805-AC5F-424E-95CC-19047E374823}.Release|Any CPU.Build.0 = Release|Any CPU
		{CC49499D-E100-4547-9501-E38820B1A9E7}.Debug|Any CPU.ActiveCfg = Debug|Any CPU
		{CC49499D-E100-4547-9501-E38820B1A9E7}.Debug|Any CPU.Build.0 = Debug|Any CPU
		{CC49499D-E100-4547-9501-E38820B1A9E7}.Release|Any CPU.ActiveCfg = Release|Any CPU
		{CC49499D-E100-4547-9501-E38820B1A9E7}.Release|Any CPU.Build.0 = Release|Any CPU
		{2B484398-D230-4C96-A050-385AE476BA64}.Debug|Any CPU.ActiveCfg = Debug|Any CPU
		{2B484398-D230-4C96-A050-385AE476BA64}.Debug|Any CPU.Build.0 = Debug|Any CPU
		{2B484398-D230-4C96-A050-385AE476BA64}.Release|Any CPU.ActiveCfg = Release|Any CPU
		{2B484398-D230-4C96-A050-385AE476BA64}.Release|Any CPU.Build.0 = Release|Any CPU
	EndGlobalSection
	GlobalSection(SolutionProperties) = preSolution
		HideSolutionNode = FALSE
	EndGlobalSection
	GlobalSection(NestedProjects) = preSolution
		{A67678B1-3FC2-43AD-AEAB-92B055C53237} = {92DFA0FC-04ED-404F-BB24-248636C066F0}
		{77A9E805-AC5F-424E-95CC-19047E374823} = {9B0540DC-7402-419E-BB87-E5A29B03BE1C}
		{CC49499D-E100-4547-9501-E38820B1A9E7} = {92DFA0FC-04ED-404F-BB24-248636C066F0}
		{2B484398-D230-4C96-A050-385AE476BA64} = {9B0540DC-7402-419E-BB87-E5A29B03BE1C}
	EndGlobalSection
	GlobalSection(ExtensibilityGlobals) = postSolution
		SolutionGuid = {A01509DD-D4F6-4621-9C9E-A6F3D8D0DA52}
	EndGlobalSection
EndGlobal
